# This lock file was generated by conda-lock (https://github.com/conda/conda-lock). DO NOT EDIT!
#
# A "lock file" contains a concrete list of package versions (with checksums) to be installed. Unlike
# e.g. `conda env create`, the resulting environment will not change as new package versions become
# available, unless you explicitly update the lock file.
#
# Install this environment as "YOURENV" with:
#     conda-lock install -n YOURENV conda-lock.yml
# To update a single package to the latest version compatible with the version constraints in the source:
#     conda-lock lock  --lockfile conda-lock.yml --update PACKAGE
# To re-solve the entire environment, e.g. after changing a version constraint in the source file:
#     conda-lock -f environment.yml --lockfile conda-lock.yml
version: 1
metadata:
  content_hash:
    linux-64: 6eaff59f24adf48f726f8df751f5e53e192e56e65974af719dd8037177c2aed9
  channels:
  - url: pytorch
    used_env_vars: []
  - url: nvidia
    used_env_vars: []
  - url: conda-forge
    used_env_vars: []
  platforms:
  - linux-64
  sources:
  - environment.yml
package:
- name: _openmp_mutex
  version: '4.5'
  manager: conda
  platform: linux-64
  dependencies:
    __glibc: '>=2.17,<3.0.a0'
    libgomp: '>=7.5.0'
  url: https://conda.anaconda.org/conda-forge/linux-64/_openmp_mutex-4.5-20_gnu.conda
  hash:
    md5: a9f577daf3de00bca7c3c76c0ecbd1de
    sha256: 1dd3fffd892081df9726d7eb7e0dea6198962ba775bd88842135a4ddb4deb3c9
  category: main
  optional: false
- name: binutils_impl_linux-64
  version: '2.40'
  manager: conda
  platform: linux-64
  dependencies:
    ld_impl_linux-64: '2.40'
    sysroot_linux-64: ''
  url: https://conda.anaconda.org/conda-forge/linux-64/binutils_impl_linux-64-2.40-ha1999f0_7.conda
  hash:
    md5: 3f840c7ed70a96b5ebde8044b2f36f32
    sha256: 230f3136d17fdcf0e6da3a3ae59118570bc18106d79dd29bf2f341338d2a42c4
  category: main
  optional: false
- name: binutils_linux-64
  version: '2.40'
  manager: conda
  platform: linux-64
  dependencies:
    binutils_impl_linux-64: 2.40.*
    sysroot_linux-64: ''
  url: https://conda.anaconda.org/conda-forge/linux-64/binutils_linux-64-2.40-hb3c18ed_4.conda
  hash:
    md5: 19286994c03c5207a70c7cfabe294570
    sha256: 4ddb8c7c0d42f4efe673cce579f66e8b2644a257d3aa935f9ab7b69c525d4485
  category: main
  optional: false
- name: bzip2
  version: 1.0.8
  manager: conda
  platform: linux-64
  dependencies:
    __glibc: '>=2.17,<3.0.a0'
    libgcc: '>=14'
  url: https://conda.anaconda.org/conda-forge/linux-64/bzip2-1.0.8-hda65f42_9.conda
  hash:
    md5: d2ffd7602c02f2b316fd921d39876885
    sha256: 0b75d45f0bba3e95dc693336fa51f40ea28c980131fec438afb7ce6118ed05f6
  category: main
  optional: false
- name: ca-certificates
  version: 2026.7.22
  manager: conda
  platform: linux-64
  dependencies:
    __unix: ''
  url: https://conda.anaconda.org/conda-forge/noarch/ca-certificates-2026.7.22-hbd8a1cb_0.conda
  hash:
    md5: 0f51e2391ade309db462a55611263e9c
    sha256: 0a0544cf95f64394fe4959286f5c71f5444ad58feb0602e53becb27448d24da6
  category: main
  optional: false
- name: cuda-cccl
  version: 12.1.109
  manager: conda
  platform: linux-64
  dependencies: {}
  url: https://conda.anaconda.org/nvidia/linux-64/cuda-cccl-12.1.109-0.tar.bz2
  hash:
    md5: 9423b7c1cdaae4bc066eccd4059d833b
    sha256: b3aacf23055a5b0a2b8e52adbb59933775209e14274457dfb8673a3cf5f60ccb
  category: main
  optional: false
- name: cuda-cccl_linux-64
  version: 12.1.109
  manager: conda
  platform: linux-64
  dependencies:
    cuda-version: '>=12.1,<12.2.0a0'
  url: https://conda.anaconda.org/conda-forge/noarch/cuda-cccl_linux-64-12.1.109-ha770c72_0.conda
  hash:
    md5: d640e026b9bddf5341a053cbf38aad7d
    sha256: 3a9888c614487ef04aa41ec4ea1305029553b0601df76c93e8772a41a0adba51
  category: main
  optional: false
- name: cuda-cudart
  version: 12.1.105
  manager: conda
  platform: linux-64
  dependencies: {}
  url: https://conda.anaconda.org/nvidia/linux-64/cuda-cudart-12.1.105-0.tar.bz2
  hash:
    md5: 001823a01c0d49300fd9622c4578eb40
    sha256: 8ce27449a0a1d98630b8b13669590a34b04bccf11bf9a98151a40541f7edf7ba
  category: main
  optional: false
- name: cuda-cudart-dev
  version: 12.1.105
  manager: conda
  platform: linux-64
  dependencies:
    cuda-cccl: ''
    cuda-cudart: '>=12.1.105'
  url: https://conda.anaconda.org/nvidia/linux-64/cuda-cudart-dev-12.1.105-0.tar.bz2
  hash:
    md5: accec90e42a0c11db1dd946031f3842f
    sha256: eaf9ea2d6a606eb2883a356a24afe04c0075d802054524d9c4c6c10bbeef40de
  category: main
  optional: false
- name: cuda-cudart_linux-64
  version: 12.1.105
  manager: conda
  platform: linux-64
  dependencies:
    cuda-version: '>=12.1,<12.2.0a0'
  url: https://conda.anaconda.org/conda-forge/noarch/cuda-cudart_linux-64-12.1.105-h59595ed_0.conda
  hash:
    md5: f8229a887df2311217d1528cc205073b
    sha256: 08283c44d3dcaeba7dfc6757705937366780885ec2e04d0b81394c1b0ca1a089
  category: main
  optional: false
- name: cuda-nvcc
  version: 12.1.105
  manager: conda
  platform: linux-64
  dependencies: {}
  url: https://conda.anaconda.org/nvidia/linux-64/cuda-nvcc-12.1.105-0.tar.bz2
  hash:
    md5: 2dadb744089a5326480060bdd7d0c045
    sha256: bb8176dd6595206ac393c03a54d10643bdfa2101af8285f3e48caa73be0ef4d7
  category: main
  optional: false
- name: cuda-version
  version: '12.1'
  manager: conda
  platform: linux-64
  dependencies: {}
  url: https://conda.anaconda.org/conda-forge/noarch/cuda-version-12.1-h1d6eff3_3.conda
  hash:
    md5: 913018efd4acd03c48f15cb60d2bbf97
    sha256: ecca7ab9f8ee23cb7a8b75f47e901d03b57adc7bc2d530ac0091dae31738c303
  category: main
  optional: false
- name: gcc_impl_linux-64
  version: 11.4.0
  manager: conda
  platform: linux-64
  dependencies:
    binutils_impl_linux-64: '>=2.40'
    libgcc-devel_linux-64: 11.4.0
    libgcc-ng: '>=11.4.0'
    libgomp: '>=11.4.0'
    libsanitizer: 11.4.0
    libstdcxx-ng: '>=11.4.0'
    sysroot_linux-64: ''
  url: https://conda.anaconda.org/conda-forge/linux-64/gcc_impl_linux-64-11.4.0-h00c12a0_13.conda
  hash:
    md5: 84a8282b1e54ec4db2855069a917680d
    sha256: 92d19dcacde45abe3011d559d34db72f5d038ad2e78b5d6ea54ff3819a26f244
  category: main
  optional: false
- name: gcc_linux-64
  version: 11.4.0
  manager: conda
  platform: linux-64
  dependencies:
    binutils_linux-64: '2.40'
    gcc_impl_linux-64: 11.4.0.*
    sysroot_linux-64: ''
  url: https://conda.anaconda.org/conda-forge/linux-64/gcc_linux-64-11.4.0-ha077dfb_4.conda
  hash:
    md5: 4486720bf24fecb4a21ab3840433411f
    sha256: 31bbd2d6d89ba6b371a341ff0abe3ad86b40652c86420d74bc8a44feb47323f7
  category: main
  optional: false
- name: gxx_impl_linux-64
  version: 11.4.0
  manager: conda
  platform: linux-64
  dependencies:
    gcc_impl_linux-64: 11.4.0
    libstdcxx-devel_linux-64: 11.4.0
    sysroot_linux-64: ''
  url: https://conda.anaconda.org/conda-forge/linux-64/gxx_impl_linux-64-11.4.0-h634f3ee_13.conda
  hash:
    md5: aa66d62e50aba20923e0c0121145fcbf
    sha256: ba6cd472e28268a6de1d4af74bafd9034789c132b15c38e727900fe6b85ebdb7
  category: main
  optional: false
- name: gxx_linux-64
  version: 11.4.0
  manager: conda
  platform: linux-64
  dependencies:
    binutils_linux-64: '2.40'
    gcc_linux-64: 11.4.0
    gxx_impl_linux-64: 11.4.0.*
    sysroot_linux-64: ''
  url: https://conda.anaconda.org/conda-forge/linux-64/gxx_linux-64-11.4.0-h35bfe5d_4.conda
  hash:
    md5: a3b2fe00ce0def24b147d08db9ac0bde
    sha256: bc55c16382edde80880d1f4802ceaf460f259d20cd44156749e6e7f91ef19b7a
  category: main
  optional: false
- name: kernel-headers_linux-64
  version: 4.18.0
  manager: conda
  platform: linux-64
  dependencies: {}
  url: https://conda.anaconda.org/conda-forge/noarch/kernel-headers_linux-64-4.18.0-he073ed8_9.conda
  hash:
    md5: 86d9cba083cd041bfbf242a01a7a1999
    sha256: 41557eeadf641de6aeae49486cef30d02a6912d8da98585d687894afd65b356a
  category: main
  optional: false
- name: lcms2
  version: 2.19.1
  manager: conda
  platform: linux-64
  dependencies:
    __glibc: '>=2.17,<3.0.a0'
    libgcc: '>=14'
    libjpeg-turbo: '>=3.1.4.1,<4.0a0'
    libtiff: '>=4.7.1,<4.8.0a0'
  url: https://conda.anaconda.org/conda-forge/linux-64/lcms2-2.19.1-h0c24ade_1.conda
  hash:
    md5: 8b3ce45e929cd8e8e5f4d18586b56d8b
    sha256: 112b5b9462572d970f4abd2912f76a25ee7db158b1e7260163d91dd8a630db84
  category: main
  optional: false
- name: ld_impl_linux-64
  version: '2.40'
  manager: conda
  platform: linux-64
  dependencies: {}
  url: https://conda.anaconda.org/conda-forge/linux-64/ld_impl_linux-64-2.40-hf3520f5_7.conda
  hash:
    md5: b80f2f396ca2c28b8c14c437a4ed1e74
    sha256: 764b6950aceaaad0c67ef925417594dd14cd2e22fff864aeef455ac259263d15
  category: main
  optional: false
- name: lerc
  version: 4.1.0
  manager: conda
  platform: linux-64
  dependencies:
    __glibc: '>=2.17,<3.0.a0'
    libgcc: '>=14'
    libstdcxx: '>=14'
  url: https://conda.anaconda.org/conda-forge/linux-64/lerc-4.1.0-hdb68285_0.conda
  hash:
    md5: a752488c68f2e7c456bcbd8f16eec275
    sha256: f84cb54782f7e9cea95e810ea8fef186e0652d0fa73d3009914fa2c1262594e1
  category: main
  optional: false
- name: libblas
  version: 3.11.0
  manager: conda
  platform: linux-64
  dependencies:
    libopenblas: '>=0.3.33,<0.3.34.0a0,>=0.3.33,<1.0a0'
  url: https://conda.anaconda.org/conda-forge/linux-64/libblas-3.11.0-8_h4a7cf45_openblas.conda
  hash:
    md5: 00fc660ab1b2f5ca07e92b4900d10c79
    sha256: b2da6bfd72a1c9cb143ccf64bf5b28790cb4eb58bd1cb978f6537b2322f7d48b
  category: main
  optional: false
- name: libcblas
  version: 3.11.0
  manager: conda
  platform: linux-64
  dependencies:
    libblas: 3.11.0
  url: https://conda.anaconda.org/conda-forge/linux-64/libcblas-3.11.0-8_h0358290_openblas.conda
  hash:
    md5: 33a413f1095f8325e5c30fde3b0d2445
    sha256: 1a2bc77bb26520255904a3d9b1f40e6bf0bf9d8d3405c7709dd162282820915a
  category: main
  optional: false
- name: libdeflate
  version: '1.25'
  manager: conda
  platform: linux-64
  dependencies:
    __glibc: '>=2.17,<3.0.a0'
    libgcc: '>=14'
  url: https://conda.anaconda.org/conda-forge/linux-64/libdeflate-1.25-h17f619e_0.conda
  hash:
    md5: 6c77a605a7a689d17d4819c0f8ac9a00
    sha256: aa8e8c4be9a2e81610ddf574e05b64ee131fab5e0e3693210c9d6d2fba32c680
  category: main
  optional: false
- name: libexpat
  version: 2.8.1
  manager: conda
  platform: linux-64
  dependencies:
    __glibc: '>=2.17,<3.0.a0'
    libgcc: '>=14'
  url: https://conda.anaconda.org/conda-forge/linux-64/libexpat-2.8.1-hecca717_1.conda
  hash:
    md5: b24d3c612f71e7aa74158d92106318b2
    sha256: 16feffd9ddbbe5b718515d38ee376c685ba95491cd901244e24671d20b952a77
  category: main
  optional: false
- name: libffi
  version: 3.7.0
  manager: conda
  platform: linux-64
  dependencies:
    __glibc: '>=2.17,<3.0.a0'
    libgcc: '>=14'
  url: https://conda.anaconda.org/conda-forge/linux-64/libffi-3.7.0-h3435931_0.conda
  hash:
    md5: 0abe40a9880086ca4d2e5daf09dceff9
    sha256: ac38603008bf1e99b8ed379b1a656a67a70e2841f2b6a069c630cdf6316012d2
  category: main
  optional: false
- name: libfreetype
  version: 2.14.3
  manager: conda
  platform: linux-64
  dependencies:
    libfreetype6: '>=2.14.3'
  url: https://conda.anaconda.org/conda-forge/linux-64/libfreetype-2.14.3-ha770c72_0.conda
  hash:
    md5: e289f3d17880e44b633ba911d57a321b
    sha256: 38f014a7129e644636e46064ecd6b1945e729c2140e21d75bb476af39e692db2
  category: main
  optional: false
- name: libfreetype6
  version: 2.14.3
  manager: conda
  platform: linux-64
  dependencies:
    __glibc: '>=2.17,<3.0.a0'
    libgcc: '>=14'
    libpng: '>=1.6.55,<1.7.0a0'
    libzlib: '>=1.3.2,<2.0a0'
  url: https://conda.anaconda.org/conda-forge/linux-64/libfreetype6-2.14.3-h73754d4_0.conda
  hash:
    md5: fb16b4b69e3f1dcfe79d80db8fd0c55d
    sha256: 16f020f96da79db1863fcdd8f2b8f4f7d52f177dd4c58601e38e9182e91adf1d
  category: main
  optional: false
- name: libgcc
  version: 15.2.0
  manager: conda
  platform: linux-64
  dependencies:
    __glibc: '>=2.17,<3.0.a0'
    _openmp_mutex: '>=4.5'
  url: https://conda.anaconda.org/conda-forge/linux-64/libgcc-15.2.0-he0feb66_20.conda
  hash:
    md5: 3533de187cf7283f96bfdb28ad73e2bc
    sha256: e3b7bb287d1685b15781a6d9e3408d6ddaff23f5a1d0d6c0140619dd3950fe72
  category: main
  optional: false
- name: libgcc-devel_linux-64
  version: 11.4.0
  manager: conda
  platform: linux-64
  dependencies:
    __unix: ''
  url: https://conda.anaconda.org/conda-forge/noarch/libgcc-devel_linux-64-11.4.0-h8f596e0_113.conda
  hash:
    md5: 8e1973bcc2b9405e80ed0cad1b9bd607
    sha256: 45fe07880c918baf144377abfdaf0d409617ceb1758f28e022e83615b9f67863
  category: main
  optional: false
- name: libgcc-ng
  version: 15.2.0
  manager: conda
  platform: linux-64
  dependencies:
    libgcc: 15.2.0
  url: https://conda.anaconda.org/conda-forge/linux-64/libgcc-ng-15.2.0-h69a702a_20.conda
  hash:
    md5: c099368d009e4d828449eaed7b2cb701
    sha256: e01a2a027fceea1011d2e74307845fb0c4bd6d195ff27fbf5baeafa55531d128
  category: main
  optional: false
- name: libgfortran
  version: 15.2.0
  manager: conda
  platform: linux-64
  dependencies:
    libgfortran5: 15.2.0
  url: https://conda.anaconda.org/conda-forge/linux-64/libgfortran-15.2.0-h69a702a_20.conda
  hash:
    md5: a450a08a63f940e9aa7b37692e71196a
    sha256: 76d81032e264b74f519cc26962d5eb39547e0785fc9d2957bbc12e7a91214412
  category: main
  optional: false
- name: libgfortran5
  version: 15.2.0
  manager: conda
  platform: linux-64
  dependencies:
    __glibc: '>=2.17,<3.0.a0'
    libgcc: '>=15.2.0'
  url: https://conda.anaconda.org/conda-forge/linux-64/libgfortran5-15.2.0-h68bc16d_20.conda
  hash:
    md5: 4edbcbea1a8790a7d58e648523b69546
    sha256: 95122f42566dc9a62b9615d2372b3f3c75fa7bd8bb1eda53aa7532ce60d545eb
  category: main
  optional: false
- name: libgomp
  version: 15.2.0
  manager: conda
  platform: linux-64
  dependencies:
    __glibc: '>=2.17,<3.0.a0'
  url: https://conda.anaconda.org/conda-forge/linux-64/libgomp-15.2.0-he0feb66_20.conda
  hash:
    md5: 49321086c41bb58fc4b6cd8cbb74679d
    sha256: 30b8ff1bf43871a17c9de99e56171ef54cfbe690ffa86681628db5a00af97cf7
  category: main
  optional: false
- name: libjpeg-turbo
  version: 3.2.0
  manager: conda
  platform: linux-64
  dependencies:
    __glibc: '>=2.17,<3.0.a0'
    libgcc: '>=14'
  url: https://conda.anaconda.org/conda-forge/linux-64/libjpeg-turbo-3.2.0-hb03c661_0.conda
  hash:
    md5: 466badda5536d85ddc63ee9404f29735
    sha256: 716332fd31b3808da7a4235a05212a9e9da05e854864c3def2dea0b5d2bf7610
  category: main
  optional: false
- name: liblapack
  version: 3.11.0
  manager: conda
  platform: linux-64
  dependencies:
    libblas: 3.11.0
  url: https://conda.anaconda.org/conda-forge/linux-64/liblapack-3.11.0-8_h47877c9_openblas.conda
  hash:
    md5: 809be8ba8712c77bc7d44c2d99390dc4
    sha256: 168e327d737059553e15cc6ec36d76b9bbb3931c2a7721555fd68b4c9348b247
  category: main
  optional: false
- name: liblzma
  version: 5.8.3
  manager: conda
  platform: linux-64
  dependencies:
    __glibc: '>=2.17,<3.0.a0'
    libgcc: '>=14'
  url: https://conda.anaconda.org/conda-forge/linux-64/liblzma-5.8.3-hb03c661_0.conda
  hash:
    md5: b88d90cad08e6bc8ad540cb310a761fb
    sha256: ec30e52a3c1bf7d0425380a189d209a52baa03f22fb66dd3eb587acaa765bd6d
  category: main
  optional: false
- name: libnsl
  version: 2.0.1
  manager: conda
  platform: linux-64
  dependencies:
    __glibc: '>=2.17,<3.0.a0'
    libgcc: '>=13'
  url: https://conda.anaconda.org/conda-forge/linux-64/libnsl-2.0.1-hb9d3cd8_1.conda
  hash:
    md5: d864d34357c3b65a4b731f78c0801dc4
    sha256: 927fe72b054277cde6cb82597d0fcf6baf127dcbce2e0a9d8925a68f1265eef5
  category: main
  optional: false
- name: libopenblas
  version: 0.3.33
  manager: conda
  platform: linux-64
  dependencies:
    __glibc: '>=2.17,<3.0.a0'
    libgcc: '>=14'
    libgfortran: ''
    libgfortran5: '>=14.3.0'
  url: https://conda.anaconda.org/conda-forge/linux-64/libopenblas-0.3.33-pthreads_h94d23a6_0.conda
  hash:
    md5: 2d3278b721e40468295ca755c3b84070
    sha256: 3d9aa85648e5e18a6d66db98b8c4317cc426721ad7a220aa86330d1ccedc8903
  category: main
  optional: false
- name: libpng
  version: 1.6.58
  manager: conda
  platform: linux-64
  dependencies:
    __glibc: '>=2.17,<3.0.a0'
    libgcc: '>=14'
    libzlib: '>=1.3.2,<2.0a0'
  url: https://conda.anaconda.org/conda-forge/linux-64/libpng-1.6.58-h421ea60_0.conda
  hash:
    md5: eba48a68a1a2b9d3c0d9511548db85db
    sha256: 377cfe037f3eeb3b1bf3ad333f724a64d32f315ee1958581fc671891d63d3f89
  category: main
  optional: false
- name: libsanitizer
  version: 11.4.0
  manager: conda
  platform: linux-64
  dependencies:
    libgcc-ng: '>=11.4.0'
    libstdcxx-ng: '>=11.4.0'
  url: https://conda.anaconda.org/conda-forge/linux-64/libsanitizer-11.4.0-h5763a12_13.conda
  hash:
    md5: 2c5415ef0640355a2154ebdd8494dc05
    sha256: c565078a650e3bab45b63d43c34cea10b1169560547d032a04297560849c362e
  category: main
  optional: false
- name: libsqlite
  version: 3.53.3
  manager: conda
  platform: linux-64
  dependencies:
    __glibc: '>=2.17,<3.0.a0'
    libgcc: '>=14'
    libzlib: '>=1.3.2,<2.0a0'
  url: https://conda.anaconda.org/conda-forge/linux-64/libsqlite-3.53.3-h0c1763c_0.conda
  hash:
    md5: 4aed8e657e9ff156bdbe849b4df44389
    sha256: 365376f4815e5e80def2b3462a2419708b7c292da0da85278386c2618621fff4
  category: main
  optional: false
- name: libstdcxx
  version: 15.2.0
  manager: conda
  platform: linux-64
  dependencies:
    __glibc: '>=2.17,<3.0.a0'
    libgcc: 15.2.0
  url: https://conda.anaconda.org/conda-forge/linux-64/libstdcxx-15.2.0-h934c35e_20.conda
  hash:
    md5: fbd3d5506b11b5cfc916b29263b6b6f7
    sha256: b5eadda8fb0df262f0d424c4a0c8c1c8d65d904ce622f07936c793ea1b8a39d9
  category: main
  optional: false
- name: libstdcxx-devel_linux-64
  version: 11.4.0
  manager: conda
  platform: linux-64
  dependencies:
    __unix: ''
  url: https://conda.anaconda.org/conda-forge/noarch/libstdcxx-devel_linux-64-11.4.0-h8f596e0_113.conda
  hash:
    md5: 511cb3d827a35d3030d42679d286a7cd
    sha256: 3bb19ec8f159db05b94e15905eeb7e9be6400567a210213480cd33cb59afb69a
  category: main
  optional: false
- name: libstdcxx-ng
  version: 15.2.0
  manager: conda
  platform: linux-64
  dependencies:
    libstdcxx: 15.2.0
  url: https://conda.anaconda.org/conda-forge/linux-64/libstdcxx-ng-15.2.0-hdf11a46_20.conda
  hash:
    md5: 593dc263426eb14f16dc594bfdb9772a
    sha256: 0b79903234f68410c11c33cb9829f7b3cb01a9ff2f42bf083dd2c51e886e6077
  category: main
  optional: false
- name: libtiff
  version: 4.7.2
  manager: conda
  platform: linux-64
  dependencies:
    __glibc: '>=2.17,<3.0.a0'
    lerc: '>=4.1.0,<5.0a0'
    libdeflate: '>=1.25,<1.26.0a0'
    libgcc: '>=14'
    libjpeg-turbo: '>=3.1.4.1,<4.0a0'
    liblzma: '>=5.8.3,<6.0a0'
    libstdcxx: '>=14'
    libwebp-base: '>=1.6.0,<2.0a0'
    libzlib: '>=1.3.2,<2.0a0'
    zstd: '>=1.5.7,<1.6.0a0'
  url: https://conda.anaconda.org/conda-forge/linux-64/libtiff-4.7.2-h9d88235_0.conda
  hash:
    md5: c1fcb4a88bc15a9f77ad8d27d7af1df9
    sha256: b31346e1c01ab40a170e91147092ee8fd92b1dee3c66ee47ef025571c879b159
  category: main
  optional: false
- name: libuuid
  version: 2.42.2
  manager: conda
  platform: linux-64
  dependencies:
    __glibc: '>=2.17,<3.0.a0'
    libgcc: '>=14'
  url: https://conda.anaconda.org/conda-forge/linux-64/libuuid-2.42.2-h5347b49_0.conda
  hash:
    md5: 01bb81d12c957de066ea7362007df642
    sha256: 9b1bdce27a7e31f7d241aeecff67a1f3101d52a2b1e33ccc2cdf2613072bf81f
  category: main
  optional: false
- name: libwebp-base
  version: 1.6.0
  manager: conda
  platform: linux-64
  dependencies:
    __glibc: '>=2.17,<3.0.a0'
    libgcc: '>=14'
  url: https://conda.anaconda.org/conda-forge/linux-64/libwebp-base-1.6.0-hd42ef1d_0.conda
  hash:
    md5: aea31d2e5b1091feca96fcfe945c3cf9
    sha256: 3aed21ab28eddffdaf7f804f49be7a7d701e8f0e46c856d801270b470820a37b
  category: main
  optional: false
- name: libxcb
  version: 1.17.0
  manager: conda
  platform: linux-64
  dependencies:
    __glibc: '>=2.17,<3.0.a0'
    libgcc: '>=13'
    pthread-stubs: ''
    xorg-libxau: '>=1.0.11,<2.0a0'
    xorg-libxdmcp: ''
  url: https://conda.anaconda.org/conda-forge/linux-64/libxcb-1.17.0-h8a09558_0.conda
  hash:
    md5: 92ed62436b625154323d40d5f2f11dd7
    sha256: 666c0c431b23c6cec6e492840b176dde533d48b7e6fb8883f5071223433776aa
  category: main
  optional: false
- name: libxcrypt
  version: 4.4.36
  manager: conda
  platform: linux-64
  dependencies:
    libgcc-ng: '>=12'
  url: https://conda.anaconda.org/conda-forge/linux-64/libxcrypt-4.4.36-hd590300_1.conda
  hash:
    md5: 5aa797f8787fe7a17d1b0821485b5adc
    sha256: 6ae68e0b86423ef188196fff6207ed0c8195dd84273cb5623b85aa08033a410c
  category: main
  optional: false
- name: libzlib
  version: 1.3.2
  manager: conda
  platform: linux-64
  dependencies:
    __glibc: '>=2.17,<3.0.a0'
  url: https://conda.anaconda.org/conda-forge/linux-64/libzlib-1.3.2-h25fd6f3_2.conda
  hash:
    md5: d87ff7921124eccd67248aa483c23fec
    sha256: 55044c403570f0dc26e6364de4dc5368e5f3fc7ff103e867c487e2b5ab2bcda9
  category: main
  optional: false
- name: ncurses
  version: '6.6'
  manager: conda
  platform: linux-64
  dependencies:
    __glibc: '>=2.17,<3.0.a0'
    libgcc: '>=14'
  url: https://conda.anaconda.org/conda-forge/linux-64/ncurses-6.6-hdb14827_0.conda
  hash:
    md5: fc21868a1a5aacc937e7a18747acb8a5
    sha256: fc89f74bbe362fb29fa3c037697a89bec140b346a2469a90f7936d1d7ea4d8a3
  category: main
  optional: false
- name: numpy
  version: 2.2.6
  manager: conda
  platform: linux-64
  dependencies:
    __glibc: '>=2.17,<3.0.a0'
    libblas: '>=3.9.0,<4.0a0'
    libcblas: '>=3.9.0,<4.0a0'
    libgcc: '>=13'
    liblapack: '>=3.9.0,<4.0a0'
    libstdcxx: '>=13'
    python: '>=3.10,<3.11.0a0'
    python_abi: 3.10.*
  url: https://conda.anaconda.org/conda-forge/linux-64/numpy-2.2.6-py310hefbff90_0.conda
  hash:
    md5: b0cea2c364bf65cd19e023040eeab05d
    sha256: 0ba94a61f91d67413e60fa8daa85627a8f299b5054b0eff8f93d26da83ec755e
  category: main
  optional: false
- name: openjpeg
  version: 2.5.4
  manager: conda
  platform: linux-64
  dependencies:
    __glibc: '>=2.17,<3.0.a0'
    libgcc: '>=14'
    libpng: '>=1.6.50,<1.7.0a0'
    libstdcxx: '>=14'
    libtiff: '>=4.7.1,<4.8.0a0'
    libzlib: '>=1.3.1,<2.0a0'
  url: https://conda.anaconda.org/conda-forge/linux-64/openjpeg-2.5.4-h55fea9a_0.conda
  hash:
    md5: 11b3379b191f63139e29c0d19dee24cd
    sha256: 3900f9f2dbbf4129cf3ad6acf4e4b6f7101390b53843591c53b00f034343bc4d
  category: main
  optional: false
- name: openssl
  version: 3.6.3
  manager: conda
  platform: linux-64
  dependencies:
    __glibc: '>=2.17,<3.0.a0'
    ca-certificates: ''
    libgcc: '>=14'
  url: https://conda.anaconda.org/conda-forge/linux-64/openssl-3.6.3-h35e630c_0.conda
  hash:
    md5: 79dd2074b5cd5c5c6b2930514a11e22d
    sha256: d48f5c22b9897c01e4dff3680f1f57ceb02711ab9c62f74339b080419dfad34b
  category: main
  optional: false
- name: packaging
  version: '26.2'
  manager: conda
  platform: linux-64
  dependencies:
    python: '>=3.8'
  url: https://conda.anaconda.org/conda-forge/noarch/packaging-26.2-pyhc364b38_0.conda
  hash:
    md5: 4c06a92e74452cfa53623a81592e8934
    sha256: 3906abfb6511a3bb309e39b9b1b7bc38f50a723971de2395489fd1f379255890
  category: main
  optional: false
- name: pillow
  version: 12.2.0
  manager: conda
  platform: linux-64
  dependencies:
    __glibc: '>=2.17,<3.0.a0'
    lcms2: '>=2.18,<3.0a0'
    libfreetype: '>=2.14.3'
    libfreetype6: '>=2.14.3'
    libgcc: '>=14'
    libjpeg-turbo: '>=3.1.2,<4.0a0'
    libtiff: '>=4.7.1,<4.8.0a0'
    libwebp-base: '>=1.6.0,<2.0a0'
    libxcb: '>=1.17.0,<2.0a0'
    openjpeg: '>=2.5.4,<3.0a0'
    python: ''
    python_abi: 3.10.*
    tk: '>=8.6.13,<8.7.0a0'
    zlib-ng: '>=2.3.3,<2.4.0a0'
  url: https://conda.anaconda.org/conda-forge/linux-64/pillow-12.2.0-py310h5a73078_0.conda
  hash:
    md5: 440921820f098897562537c5c3cf7ae0
    sha256: 24ea3d3ab64ccdb3c2c114d0daa5e8416a50b102848d384d46c3dda59669986f
  category: main
  optional: false
- name: pip
  version: 26.1.2
  manager: conda
  platform: linux-64
  dependencies:
    python: '>=3.10,<3.13.0a0'
    setuptools: ''
    wheel: ''
  url: https://conda.anaconda.org/conda-forge/noarch/pip-26.1.2-pyh8b19718_0.conda
  hash:
    md5: 511fbc2c63d2c73650ad1755e4d357ba
    sha256: 29b7d75bf81ad11645a8e320b369abdc90a92b93f2a9178e853d9dddf82e5106
  category: main
  optional: false
- name: pthread-stubs
  version: '0.4'
  manager: conda
  platform: linux-64
  dependencies:
    __glibc: '>=2.17,<3.0.a0'
    libgcc: '>=13'
  url: https://conda.anaconda.org/conda-forge/linux-64/pthread-stubs-0.4-hb9d3cd8_1002.conda
  hash:
    md5: b3c17d95b5a10c6e64a21fa17573e70e
    sha256: 9c88f8c64590e9567c6c80823f0328e58d3b1efb0e1c539c0315ceca764e0973
  category: main
  optional: false
- name: python
  version: 3.10.20
  manager: conda
  platform: linux-64
  dependencies:
    __glibc: '>=2.17,<3.0.a0'
    bzip2: '>=1.0.8,<2.0a0'
    ld_impl_linux-64: '>=2.36.1'
    libexpat: '>=2.8.1,<3.0a0'
    libffi: '>=3.4,<4.0a0'
    libgcc: '>=14'
    liblzma: '>=5.8.3,<6.0a0'
    libnsl: '>=2.0.1,<2.1.0a0'
    libsqlite: '>=3.53.2,<4.0a0'
    libuuid: '>=2.42.1,<3.0a0'
    libxcrypt: '>=4.4.36'
    libzlib: '>=1.3.2,<2.0a0'
    ncurses: '>=6.6,<7.0a0'
    openssl: '>=3.5.7,<4.0a0'
    readline: '>=8.3,<9.0a0'
    tk: '>=8.6.13,<8.7.0a0'
    tzdata: ''
  url: https://conda.anaconda.org/conda-forge/linux-64/python-3.10.20-h267e890_1_cpython.conda
  hash:
    md5: c5eace1c2d8dae0bb08c094617ea8cc7
    sha256: c15d8585b7a52fdb734bd16dbdcae4b81ed59268862d3a2588eb8ed69c8cbc52
  category: main
  optional: false
- name: python_abi
  version: '3.10'
  manager: conda
  platform: linux-64
  dependencies: {}
  url: https://conda.anaconda.org/conda-forge/noarch/python_abi-3.10-8_cp310.conda
  hash:
    md5: 05e00f3b21e88bb3d658ac700b2ce58c
    sha256: 7ad76fa396e4bde336872350124c0819032a9e8a0a40590744ff9527b54351c1
  category: main
  optional: false
- name: pyyaml
  version: 6.0.3
  manager: conda
  platform: linux-64
  dependencies:
    __glibc: '>=2.17,<3.0.a0'
    libgcc: '>=14'
    python: '>=3.10,<3.11.0a0'
    python_abi: 3.10.*
    yaml: '>=0.2.5,<0.3.0a0'
  url: https://conda.anaconda.org/conda-forge/linux-64/pyyaml-6.0.3-py310h3406613_1.conda
  hash:
    md5: 2160894f57a40d2d629a34ee8497795f
    sha256: f23de6cc72541c6081d3d27482dbc9fc5dd03be93126d9155f06d0cf15d6e90e
  category: main
  optional: false
- name: readline
  version: '8.3'
  manager: conda
  platform: linux-64
  dependencies:
    __glibc: '>=2.17,<3.0.a0'
    libgcc: '>=14'
    ncurses: '>=6.5,<7.0a0'
  url: https://conda.anaconda.org/conda-forge/linux-64/readline-8.3-h853b02a_0.conda
  hash:
    md5: d7d95fc8287ea7bf33e0e7116d2b95ec
    sha256: 12ffde5a6f958e285aa22c191ca01bbd3d6e710aa852e00618fa6ddc59149002
  category: main
  optional: false
- name: setuptools
  version: 83.0.0
  manager: conda
  platform: linux-64
  dependencies:
    python: '>=3.10'
  url: https://conda.anaconda.org/conda-forge/noarch/setuptools-83.0.0-pyh332efcf_0.conda
  hash:
    md5: 6bf6acbab2499830180ec88c3aff2fa4
    sha256: 48a9f96016505debadfc67f06de7ac548decbc38d327409b24b0432ef6f16335
  category: main
  optional: false
- name: sysroot_linux-64
  version: '2.28'
  manager: conda
  platform: linux-64
  dependencies:
    __glibc: '>=2.28'
    kernel-headers_linux-64: 4.18.0
    tzdata: ''
  url: https://conda.anaconda.org/conda-forge/noarch/sysroot_linux-64-2.28-h4ee821c_9.conda
  hash:
    md5: 13dc3adbc692664cd3beabd216434749
    sha256: c47299fe37aebb0fcf674b3be588e67e4afb86225be4b0d452c7eb75c086b851
  category: main
  optional: false
- name: tk
  version: 8.6.13
  manager: conda
  platform: linux-64
  dependencies:
    __glibc: '>=2.17,<3.0.a0'
    libgcc: '>=14'
    libzlib: '>=1.3.2,<2.0a0'
  url: https://conda.anaconda.org/conda-forge/linux-64/tk-8.6.13-noxft_hd70dff1_3.conda
  hash:
    md5: 48a1049e710857572fc2a832aa394d9f
    sha256: 43624eab22f5f29df7d6ffe914cf442f28fd559b55b290906255492826e636e8
  category: main
  optional: false
- name: tzdata
  version: 2026c
  manager: conda
  platform: linux-64
  dependencies: {}
  url: https://conda.anaconda.org/conda-forge/noarch/tzdata-2026c-h151e31d_0.conda
  hash:
    md5: fcb489df604d100968b737f2cb6076c6
    sha256: b928c30ddcb0e3f544c6eade8352737e6e610e263276b90232db6a578ef899d8
  category: main
  optional: false
- name: wheel
  version: 0.47.0
  manager: conda
  platform: linux-64
  dependencies:
    packaging: '>=24.0'
    python: '>=3.10'
  url: https://conda.anaconda.org/conda-forge/noarch/wheel-0.47.0-pyhd8ed1ab_0.conda
  hash:
    md5: d0e3b2f0030cf4fca58bde71d246e94c
    sha256: 9e156ffaefb8463437144326ada4b85d1de17961b9997ac5f1cbbaf747bd8bed
  category: main
  optional: false
- name: xorg-libxau
  version: 1.0.12
  manager: conda
  platform: linux-64
  dependencies:
    __glibc: '>=2.17,<3.0.a0'
    libgcc: '>=14'
  url: https://conda.anaconda.org/conda-forge/linux-64/xorg-libxau-1.0.12-hb03c661_1.conda
  hash:
    md5: b2895afaf55bf96a8c8282a2e47a5de0
    sha256: 6bc6ab7a90a5d8ac94c7e300cc10beb0500eeba4b99822768ca2f2ef356f731b
  category: main
  optional: false
- name: xorg-libxdmcp
  version: 1.1.5
  manager: conda
  platform: linux-64
  dependencies:
    __glibc: '>=2.17,<3.0.a0'
    libgcc: '>=14'
  url: https://conda.anaconda.org/conda-forge/linux-64/xorg-libxdmcp-1.1.5-hb03c661_1.conda
  hash:
    md5: 1dafce8548e38671bea82e3f5c6ce22f
    sha256: 25d255fb2eef929d21ff660a0c687d38a6d2ccfbcbf0cc6aa738b12af6e9d142
  category: main
  optional: false
- name: yaml
  version: 0.2.5
  manager: conda
  platform: linux-64
  dependencies:
    __glibc: '>=2.17,<3.0.a0'
    libgcc: '>=14'
  url: https://conda.anaconda.org/conda-forge/linux-64/yaml-0.2.5-h280c20c_3.conda
  hash:
    md5: a77f85f77be52ff59391544bfe73390a
    sha256: 6d9ea2f731e284e9316d95fa61869fe7bbba33df7929f82693c121022810f4ad
  category: main
  optional: false
- name: zlib-ng
  version: 2.3.3
  manager: conda
  platform: linux-64
  dependencies:
    __glibc: '>=2.17,<3.0.a0'
    libgcc: '>=14'
    libstdcxx: '>=14'
  url: https://conda.anaconda.org/conda-forge/linux-64/zlib-ng-2.3.3-hceb46e0_1.conda
  hash:
    md5: 2aadb0d17215603a82a2a6b0afd9a4cb
    sha256: ea4e50c465d70236408cb0bfe0115609fd14db1adcd8bd30d8918e0291f8a75f
  category: main
  optional: false
- name: zstd
  version: 1.5.7
  manager: conda
  platform: linux-64
  dependencies:
    __glibc: '>=2.17,<3.0.a0'
    libzlib: '>=1.3.1,<2.0a0'
  url: https://conda.anaconda.org/conda-forge/linux-64/zstd-1.5.7-hb78ec9c_6.conda
  hash:
    md5: 4a13eeac0b5c8e5b8ab496e6c4ddd829
    sha256: 68f0206ca6e98fea941e5717cec780ed2873ffabc0e1ed34428c061e2c6268c7
  category: main
  optional: false
- name: filelock
  version: 3.31.1
  manager: pip
  platform: linux-64
  dependencies: {}
  url: https://files.pythonhosted.org/packages/88/61/df1d9db18f188d0ae648956a1decadc0e3b77d0571474370fd01f28a82b1/filelock-3.31.1-py3-none-any.whl
  hash:
    sha256: 9ea33146c780161bf67cb20c7cb26b651566820d65ad8dfdd79422602a2dcfc0
  category: main
  optional: false
- name: fsspec
  version: 2026.6.0
  manager: pip
  platform: linux-64
  dependencies: {}
  url: https://files.pythonhosted.org/packages/e5/22/4222d7ddf3da30f363edaa98e329c2bce6c65497c9cb2810931c8b2c0fbc/fsspec-2026.6.0-py3-none-any.whl
  hash:
    sha256: 02e0b71817df9b2169dc30a16832045764def1191b43dcff5bb85bdee212d2a1
  category: main
  optional: false
- name: jinja2
  version: 3.1.6
  manager: pip
  platform: linux-64
  dependencies:
    markupsafe: '>=2.0'
  url: https://files.pythonhosted.org/packages/62/a1/3d680cbfd5f4b8f15abc1d571870c5fc3e594bb582bc3b64ea099db13e56/jinja2-3.1.6-py3-none-any.whl
  hash:
    sha256: 85ece4451f492d0c13c5dd7c13a64681a86afae63a5f347908daf103ce6d2f67
  category: main
  optional: false
- name: lightning-utilities
  version: 0.15.3
  manager: pip
  platform: linux-64
  dependencies:
    packaging: '>=22'
    typing-extensions: '*'
  url: https://files.pythonhosted.org/packages/25/f4/ead6e0e37209b07c9baa3e984ccdb0348ca370b77cea3aaea8ddbb097e00/lightning_utilities-0.15.3-py3-none-any.whl
  hash:
    sha256: 6c55f1bee70084a1cbeaa41ada96e4b3a0fea5909e844dd335bd80f5a73c5f91
  category: main
  optional: false
- name: markupsafe
  version: 3.0.3
  manager: pip
  platform: linux-64
  dependencies: {}
  url: https://files.pythonhosted.org/packages/af/cd/ce6e848bbf2c32314c9b237839119c5a564a59725b53157c856e90937b7a/markupsafe-3.0.3-cp310-cp310-manylinux2014_x86_64.manylinux_2_17_x86_64.manylinux_2_28_x86_64.whl
  hash:
    sha256: f42d0984e947b8adf7dd6dde396e720934d12c506ce84eea8476409563607591
  category: main
  optional: false
- name: mpmath
  version: 1.3.0
  manager: pip
  platform: linux-64
  dependencies: {}
  url: https://files.pythonhosted.org/packages/43/e3/7d92a15f894aa0c9c4b49b8ee9ac9850d6e63b03c9c32c0367a13ae62209/mpmath-1.3.0-py3-none-any.whl
  hash:
    sha256: a0b2b9fe80bbcd81a6647ff13108738cfb482d481d826cc0e02f5b35e5c88d2c
  category: main
  optional: false
- name: networkx
  version: 3.4.2
  manager: pip
  platform: linux-64
  dependencies: {}
  url: https://files.pythonhosted.org/packages/b9/54/dd730b32ea14ea797530a4479b2ed46a6fb250f682a9cfb997e968bf0261/networkx-3.4.2-py3-none-any.whl
  hash:
    sha256: df5d4365b724cf81b8c6a7312509d0c22386097011ad1abe274afd5e9d3bbc5f
  category: main
  optional: false
- name: nvidia-cublas-cu12
  version: 12.1.3.1
  manager: pip
  platform: linux-64
  dependencies: {}
  url: https://files.pythonhosted.org/packages/37/6d/121efd7382d5b0284239f4ab1fc1590d86d34ed4a4a2fdb13b30ca8e5740/nvidia_cublas_cu12-12.1.3.1-py3-none-manylinux1_x86_64.whl
  hash:
    sha256: ee53ccca76a6fc08fb9701aa95b6ceb242cdaab118c3bb152af4e579af792728
  category: main
  optional: false
- name: nvidia-cuda-cupti-cu12
  version: 12.1.105
  manager: pip
  platform: linux-64
  dependencies: {}
  url: https://files.pythonhosted.org/packages/7e/00/6b218edd739ecfc60524e585ba8e6b00554dd908de2c9c66c1af3e44e18d/nvidia_cuda_cupti_cu12-12.1.105-py3-none-manylinux1_x86_64.whl
  hash:
    sha256: e54fde3983165c624cb79254ae9818a456eb6e87a7fd4d56a2352c24ee542d7e
  category: main
  optional: false
- name: nvidia-cuda-nvrtc-cu12
  version: 12.1.105
  manager: pip
  platform: linux-64
  dependencies: {}
  url: https://files.pythonhosted.org/packages/b6/9f/c64c03f49d6fbc56196664d05dba14e3a561038a81a638eeb47f4d4cfd48/nvidia_cuda_nvrtc_cu12-12.1.105-py3-none-manylinux1_x86_64.whl
  hash:
    sha256: 339b385f50c309763ca65456ec75e17bbefcbbf2893f462cb8b90584cd27a1c2
  category: main
  optional: false
- name: nvidia-cuda-runtime-cu12
  version: 12.1.105
  manager: pip
  platform: linux-64
  dependencies: {}
  url: https://files.pythonhosted.org/packages/eb/d5/c68b1d2cdfcc59e72e8a5949a37ddb22ae6cade80cd4a57a84d4c8b55472/nvidia_cuda_runtime_cu12-12.1.105-py3-none-manylinux1_x86_64.whl
  hash:
    sha256: 6e258468ddf5796e25f1dc591a31029fa317d97a0a94ed93468fc86301d61e40
  category: main
  optional: false
- name: nvidia-cudnn-cu12
  version: 9.1.0.70
  manager: pip
  platform: linux-64
  dependencies:
    nvidia-cublas-cu12: '*'
  url: https://files.pythonhosted.org/packages/9f/fd/713452cd72343f682b1c7b9321e23829f00b842ceaedcda96e742ea0b0b3/nvidia_cudnn_cu12-9.1.0.70-py3-none-manylinux2014_x86_64.whl
  hash:
    sha256: 165764f44ef8c61fcdfdfdbe769d687e06374059fbb388b6c89ecb0e28793a6f
  category: main
  optional: false
- name: nvidia-cufft-cu12
  version: 11.0.2.54
  manager: pip
  platform: linux-64
  dependencies: {}
  url: https://files.pythonhosted.org/packages/86/94/eb540db023ce1d162e7bea9f8f5aa781d57c65aed513c33ee9a5123ead4d/nvidia_cufft_cu12-11.0.2.54-py3-none-manylinux1_x86_64.whl
  hash:
    sha256: 794e3948a1aa71fd817c3775866943936774d1c14e7628c74f6f7417224cdf56
  category: main
  optional: false
- name: nvidia-curand-cu12
  version: 10.3.2.106
  manager: pip
  platform: linux-64
  dependencies: {}
  url: https://files.pythonhosted.org/packages/44/31/4890b1c9abc496303412947fc7dcea3d14861720642b49e8ceed89636705/nvidia_curand_cu12-10.3.2.106-py3-none-manylinux1_x86_64.whl
  hash:
    sha256: 9d264c5036dde4e64f1de8c50ae753237c12e0b1348738169cd0f8a536c0e1e0
  category: main
  optional: false
- name: nvidia-cusolver-cu12
  version: 11.4.5.107
  manager: pip
  platform: linux-64
  dependencies:
    nvidia-cublas-cu12: '*'
    nvidia-cusparse-cu12: '*'
    nvidia-nvjitlink-cu12: '*'
  url: https://files.pythonhosted.org/packages/bc/1d/8de1e5c67099015c834315e333911273a8c6aaba78923dd1d1e25fc5f217/nvidia_cusolver_cu12-11.4.5.107-py3-none-manylinux1_x86_64.whl
  hash:
    sha256: 8a7ec542f0412294b15072fa7dab71d31334014a69f953004ea7a118206fe0dd
  category: main
  optional: false
- name: nvidia-cusparse-cu12
  version: 12.1.0.106
  manager: pip
  platform: linux-64
  dependencies:
    nvidia-nvjitlink-cu12: '*'
  url: https://files.pythonhosted.org/packages/65/5b/cfaeebf25cd9fdec14338ccb16f6b2c4c7fa9163aefcf057d86b9cc248bb/nvidia_cusparse_cu12-12.1.0.106-py3-none-manylinux1_x86_64.whl
  hash:
    sha256: f3b50f42cf363f86ab21f720998517a659a48131e8d538dc02f8768237bd884c
  category: main
  optional: false
- name: nvidia-nccl-cu12
  version: 2.21.5
  manager: pip
  platform: linux-64
  dependencies: {}
  url: https://files.pythonhosted.org/packages/df/99/12cd266d6233f47d00daf3a72739872bdc10267d0383508b0b9c84a18bb6/nvidia_nccl_cu12-2.21.5-py3-none-manylinux2014_x86_64.whl
  hash:
    sha256: 8579076d30a8c24988834445f8d633c697d42397e92ffc3f63fa26766d25e0a0
  category: main
  optional: false
- name: nvidia-nvjitlink-cu12
  version: 12.9.86
  manager: pip
  platform: linux-64
  dependencies: {}
  url: https://files.pythonhosted.org/packages/46/0c/c75bbfb967457a0b7670b8ad267bfc4fffdf341c074e0a80db06c24ccfd4/nvidia_nvjitlink_cu12-12.9.86-py3-none-manylinux2010_x86_64.manylinux_2_12_x86_64.whl
  hash:
    sha256: e3f1171dbdc83c5932a45f0f4c99180a70de9bd2718c1ab77d14104f6d7147f9
  category: main
  optional: false
- name: nvidia-nvtx-cu12
  version: 12.1.105
  manager: pip
  platform: linux-64
  dependencies: {}
  url: https://files.pythonhosted.org/packages/da/d3/8057f0587683ed2fcd4dbfbdfdfa807b9160b809976099d36b8f60d08f03/nvidia_nvtx_cu12-12.1.105-py3-none-manylinux1_x86_64.whl
  hash:
    sha256: dc21cf308ca5691e7c04d962e213f8a4aa9bbfa23d95412f452254c2caeb09e5
  category: main
  optional: false
- name: opencv-python
  version: 5.0.0.93
  manager: pip
  platform: linux-64
  dependencies:
    numpy: '>=2'
  url: https://files.pythonhosted.org/packages/cf/4c/c73f828fdbcd37eaf21d08fa852544a3ca7c2dbb3ea76873d64f2ea413d1/opencv_python-5.0.0.93-cp37-abi3-manylinux_2_28_x86_64.whl
  hash:
    sha256: c8de2dec111122a02e8beb28e16c31904992dfd6186560b142a92c71403c1039
  source:
    type: url
    url: https://files.pythonhosted.org/packages/cf/4c/c73f828fdbcd37eaf21d08fa852544a3ca7c2dbb3ea76873d64f2ea413d1/opencv_python-5.0.0.93-cp37-abi3-manylinux_2_28_x86_64.whl#sha256=c8de2dec111122a02e8beb28e16c31904992dfd6186560b142a92c71403c1039
  category: main
  optional: false
- name: plyfile
  version: 1.1.4
  manager: pip
  platform: linux-64
  dependencies:
    numpy: '>=2.0'
  url: https://files.pythonhosted.org/packages/b7/d0/2e912d5e1fa017e10c196609d008ff5954ddb9d0487de77a5de03141613a/plyfile-1.1.4-py3-none-any.whl
  hash:
    sha256: 69eb9bfa85de9396e516e89d5b87abc8640e78b5dddd9df25926fb33df314edb
  category: main
  optional: false
- name: sympy
  version: 1.13.1
  manager: pip
  platform: linux-64
  dependencies:
    mpmath: '>=1.1.0,<1.4'
  url: https://files.pythonhosted.org/packages/b2/fe/81695a1aa331a842b582453b605175f419fe8540355886031328089d840a/sympy-1.13.1-py3-none-any.whl
  hash:
    sha256: db36cdc64bf61b9b24578b6f7bab1ecdd2452cf008f34faa33776680c26d66f8
  category: main
  optional: false
- name: torch
  version: 2.5.1+cu121
  manager: pip
  platform: linux-64
  dependencies:
    filelock: '*'
    fsspec: '*'
    jinja2: '*'
    networkx: '*'
    nvidia-cublas-cu12: 12.1.3.1
    nvidia-cuda-cupti-cu12: 12.1.105
    nvidia-cuda-nvrtc-cu12: 12.1.105
    nvidia-cuda-runtime-cu12: 12.1.105
    nvidia-cudnn-cu12: 9.1.0.70
    nvidia-cufft-cu12: 11.0.2.54
    nvidia-curand-cu12: 10.3.2.106
    nvidia-cusolver-cu12: 11.4.5.107
    nvidia-cusparse-cu12: 12.1.0.106
    nvidia-nccl-cu12: 2.21.5
    nvidia-nvtx-cu12: 12.1.105
    sympy: 1.13.1
    triton: 3.1.0
    typing-extensions: '>=4.8.0'
  url: https://download.pytorch.org/whl/cu121/torch-2.5.1%2Bcu121-cp310-cp310-linux_x86_64.whl
  hash:
    sha256: 92af92c569de5da937dd1afb45ecfdd598ec1254cf2e49e3d698cb24d71aae14
  source:
    type: url
    url: https://download.pytorch.org/whl/cu121/torch-2.5.1%2Bcu121-cp310-cp310-linux_x86_64.whl#sha256=92af92c569de5da937dd1afb45ecfdd598ec1254cf2e49e3d698cb24d71aae14
  category: main
  optional: false
- name: torchmetrics
  version: 1.9.0
  manager: pip
  platform: linux-64
  dependencies:
    lightning-utilities: '>=0.15.3'
    numpy: '>1.20.0'
    packaging: '>17.1'
    torch: '>=2.0.0'
  url: https://files.pythonhosted.org/packages/c3/a2/c7f6ebf546f8f644edf0f999aa98ece106986a77a7b922316bf6414ff825/torchmetrics-1.9.0-py3-none-any.whl
  hash:
    sha256: bfdcbff3dd1d96b3374bb2496eb39f23c4b28b8a845b6a18c313688e0d2d9ca1
  category: main
  optional: false
- name: torchvision
  version: 0.20.1+cu121
  manager: pip
  platform: linux-64
  dependencies:
    numpy: '*'
    pillow: '>=5.3.0,<8.3.dev0 || >=8.4.dev0'
    torch: 2.5.1
  url: https://download.pytorch.org/whl/cu121/torchvision-0.20.1%2Bcu121-cp310-cp310-linux_x86_64.whl
  hash:
    sha256: 304937b82c933d5155bd04d771f4b187273f67a76050bb4276b521f7e9b4c4e7
  source:
    type: url
    url: https://download.pytorch.org/whl/cu121/torchvision-0.20.1%2Bcu121-cp310-cp310-linux_x86_64.whl#sha256=304937b82c933d5155bd04d771f4b187273f67a76050bb4276b521f7e9b4c4e7
  category: main
  optional: false
- name: triton
  version: 3.1.0
  manager: pip
  platform: linux-64
  dependencies:
    filelock: '*'
  url: https://files.pythonhosted.org/packages/98/29/69aa56dc0b2eb2602b553881e34243475ea2afd9699be042316842788ff5/triton-3.1.0-cp310-cp310-manylinux_2_17_x86_64.manylinux2014_x86_64.whl
  hash:
    sha256: 6b0dd10a925263abbe9fa37dcde67a5e9b2383fc269fdf59f5657cac38c5d1d8
  category: main
  optional: false
- name: typing-extensions
  version: 4.16.0
  manager: pip
  platform: linux-64
  dependencies: {}
  url: https://files.pythonhosted.org/packages/49/d3/b8441a820a491ddfc024b0b0cf0393375b75ea13866d9c66727e54c2fc80/typing_extensions-4.16.0-py3-none-any.whl
  hash:
    sha256: 481caa481374e813c1b176ada14e97f1f67a4539ce9cfeb3f350d78d6370c2e8
  category: main
  optional: false
